
Microsoft Visual Studio Solution File, Format Version 12.00
# Visual Studio Version 16
VisualStudioVersion = 16.0.31205.134
MinimumVisualStudioVersion = 10.0.40219.1
Project("{FAE04EC0-301F-11D3-BF4B-00C04F79EFBC}") = "AzureServiceBusMeshProvider", "AzureServiceBusMeshProvider\AzureServiceBusMeshProvider.csproj", "{F6F4261C-E441-48D1-92C7-A7A8005212B4}"
EndProject
Project("{FAE04EC0-301F-11D3-BF4B-00C04F79EFBC}") = "CluedIn.Mesh.AzureServiceBus", "CluedIn.Mesh.AzureServiceBus\CluedIn.Mesh.AzureServiceBus.csproj", "{BE9FADE4-6D18-4A19-A3D0-5157FAB5D88B}"
EndProject
Global
	GlobalSection(SolutionConfigurationPlatforms) = preSolution
		Debug|Any CPU = Debug|Any CPU
		Release|Any CPU = Release|Any CPU
	EndGlobalSection
	GlobalSection(ProjectConfigurationPlatforms) = postSolution
		{F6F4261C-E441-48D1-92C7-A7A8005212B4}.Debug|Any CPU.ActiveCfg = Debug|Any CPU
		{F6F4261C-E441-48D1-92C7-A7A8005212B4}.Debug|Any CPU.Build.0 = Debug|Any CPU
		{F6F4261C-E441-48D1-92C7-A7A8005212B4}.Release|Any CPU.ActiveCfg = Release|Any CPU
		{F6F4261C-E441-48D1-92C7-A7A8005212B4}.Release|Any CPU.Build.0 = Release|Any CPU
		{BE9FADE4-6D18-4A19-A3D0-5157FAB5D88B}.Debug|Any CPU.ActiveCfg = Debug|Any CPU
		{BE9FADE4-6D18-4A19-A3D0-5157FAB5D88B}.Debug|Any CPU.Build.0 = Debug|Any CPU
		{BE9FADE4-6D18-4A19-A3D0-5157FAB5D88B}.Release|Any CPU.ActiveCfg = Release|Any CPU
		{BE9FADE4-6D18-4A19-A3D0-5157FAB5D88B}.Release|Any CPU.Build.0 = Release|Any CPU
	EndGlobalSection
	GlobalSection(SolutionProperties) = preSolution
		HideSolutionNode = FALSE
	EndGlobalSection
	GlobalSection(ExtensibilityGlobals) = postSolution
		SolutionGuid = {22BFF858-F91F-40BC-AF68-7092C7A50D48}
	EndGlobalSection
EndGlobal
